
Microsoft Visual Studio Solution File, Format Version 12.00
# Visual Studio Version 16
VisualStudioVersion = 16.0.31729.503
MinimumVisualStudioVersion = 10.0.40219.1
Project("{FAE04EC0-301F-11D3-BF4B-00C04F79EFBC}") = "CarFix.Project", "CarFix.Project\CarFix.Project.csproj", "{6CB6EB13-723F-462F-9D5C-11C0AE7102FF}"
EndProject
Global
	GlobalSection(SolutionConfigurationPlatforms) = preSolution
		Debug|Any CPU = Debug|Any CPU
		Release|Any CPU = Release|Any CPU
	EndGlobalSection
	GlobalSection(ProjectConfigurationPlatforms) = postSolution
		{6CB6EB13-723F-462F-9D5C-11C0AE7102FF}.Debug|Any CPU.ActiveCfg = Debug|Any CPU
		{6CB6EB13-723F-462F-9D5C-11C0AE7102FF}.Debug|Any CPU.Build.0 = Debug|Any CPU
		{6CB6EB13-723F-462F-9D5C-11C0AE7102FF}.Release|Any CPU.ActiveCfg = Release|Any CPU
		{6CB6EB13-723F-462F-9D5C-11C0AE7102FF}.Release|Any CPU.Build.0 = Release|Any CPU
	EndGlobalSection
	GlobalSection(SolutionProperties) = preSolution
		HideSolutionNode = FALSE
	EndGlobalSection
	GlobalSection(ExtensibilityGlobals) = postSolution
		SolutionGuid = {D403A683-0533-4258-9B85-90BD4446ECD5}
	EndGlobalSection
EndGlobal
